
Microsoft Visual Studio Solution File, Format Version 12.00
# Visual Studio Version 17
VisualStudioVersion = 17.0.31903.59
MinimumVisualStudioVersion = 10.0.40219.1
Project("{2150E333-8FDC-42A3-9474-1A3956D46DE8}") = "src", "src", "{6E61ACE3-69C2-43BF-A162-9015E8C49327}"
EndProject
Project("{FAE04EC0-301F-11D3-BF4B-00C04F79EFBC}") = "SecretSpots.Domain", "src\SecretSpots.Domain\SecretSpots.Domain.csproj", "{7CCB2060-CE5E-4AFF-A51E-AB8C04DBA485}"
EndProject
Project("{FAE04EC0-301F-11D3-BF4B-00C04F79EFBC}") = "SecretSpots.Features", "src\SecretSpots.Features\SecretSpots.Features.csproj", "{ADA0444D-5F4B-41CC-803E-84D29C09D1A8}"
EndProject
Project("{FAE04EC0-301F-11D3-BF4B-00C04F79EFBC}") = "SecretSpots.Api", "src\SecretSpots.Api\SecretSpots.Api.csproj", "{409E576C-D08F-401F-BF46-1F27099F83A9}"
EndProject
Project("{2150E333-8FDC-42A3-9474-1A3956D46DE8}") = "tests", "tests", "{EA6094D1-35BC-4B64-ACE6-A44BEA5DC711}"
EndProject
Project("{FAE04EC0-301F-11D3-BF4B-00C04F79EFBC}") = "SecretSpots.Features.Tests", "tests\SecretSpots.Features.Tests\SecretSpots.Features.Tests.csproj", "{0424C794-98E6-4780-A130-B15367CE4AC6}"
EndProject
Global
	GlobalSection(SolutionConfigurationPlatforms) = preSolution
		Debug|Any CPU = Debug|Any CPU
		Release|Any CPU = Release|Any CPU
	EndGlobalSection
	GlobalSection(SolutionProperties) = preSolution
		HideSolutionNode = FALSE
	EndGlobalSection
	GlobalSection(ProjectConfigurationPlatforms) = postSolution
		{7CCB2060-CE5E-4AFF-A51E-AB8C04DBA485}.Debug|Any CPU.ActiveCfg = Debug|Any CPU
		{7CCB2060-CE5E-4AFF-A51E-AB8C04DBA485}.Debug|Any CPU.Build.0 = Debug|Any CPU
		{7CCB2060-CE5E-4AFF-A51E-AB8C04DBA485}.Release|Any CPU.ActiveCfg = Release|Any CPU
		{7CCB2060-CE5E-4AFF-A51E-AB8C04DBA485}.Release|Any CPU.Build.0 = Release|Any CPU
		{ADA0444D-5F4B-41CC-803E-84D29C09D1A8}.Debug|Any CPU.ActiveCfg = Debug|Any CPU
		{ADA0444D-5F4B-41CC-803E-84D29C09D1A8}.Debug|Any CPU.Build.0 = Debug|Any CPU
		{ADA0444D-5F4B-41CC-803E-84D29C09D1A8}.Release|Any CPU.ActiveCfg = Release|Any CPU
		{ADA0444D-5F4B-41CC-803E-84D29C09D1A8}.Release|Any CPU.Build.0 = Release|Any CPU
		{409E576C-D08F-401F-BF46-1F27099F83A9}.Debug|Any CPU.ActiveCfg = Debug|Any CPU
		{409E576C-D08F-401F-BF46-1F27099F83A9}.Debug|Any CPU.Build.0 = Debug|Any CPU
		{409E576C-D08F-401F-BF46-1F27099F83A9}.Release|Any CPU.ActiveCfg = Release|Any CPU
		{409E576C-D08F-401F-BF46-1F27099F83A9}.Release|Any CPU.Build.0 = Release|Any CPU
		{0424C794-98E6-4780-A130-B15367CE4AC6}.Debug|Any CPU.ActiveCfg = Debug|Any CPU
		{0424C794-98E6-4780-A130-B15367CE4AC6}.Debug|Any CPU.Build.0 = Debug|Any CPU
		{0424C794-98E6-4780-A130-B15367CE4AC6}.Release|Any CPU.ActiveCfg = Release|Any CPU
		{0424C794-98E6-4780-A130-B15367CE4AC6}.Release|Any CPU.Build.0 = Release|Any CPU
	EndGlobalSection
	GlobalSection(NestedProjects) = preSolution
		{7CCB2060-CE5E-4AFF-A51E-AB8C04DBA485} = {6E61ACE3-69C2-43BF-A162-9015E8C49327}
		{ADA0444D-5F4B-41CC-803E-84D29C09D1A8} = {6E61ACE3-69C2-43BF-A162-9015E8C49327}
		{409E576C-D08F-401F-BF46-1F27099F83A9} = {6E61ACE3-69C2-43BF-A162-9015E8C49327}
		{0424C794-98E6-4780-A130-B15367CE4AC6} = {EA6094D1-35BC-4B64-ACE6-A44BEA5DC711}
	EndGlobalSection
EndGlobal
